
Microsoft Visual Studio Solution File, Format Version 12.00
Project("{FAE04EC0-301F-11D3-BF4B-00C04F79EFBC}") = "SeconAPI.Domain", "SeconAPI.Domain\SeconAPI.Domain.csproj", "{2837C123-BF9E-4F6D-9E59-DD9538404824}"
EndProject
Project("{FAE04EC0-301F-11D3-BF4B-00C04F79EFBC}") = "SeconAPI.Infrastructure", "SeconAPI.Infrastructure\SeconAPI.Infrastructure.csproj", "{6C768919-C6D5-4C88-9808-82DCA72B4B19}"
EndProject
Project("{FAE04EC0-301F-11D3-BF4B-00C04F79EFBC}") = "SeconAPI.Application", "SeconAPI.Application\SeconAPI.Application.csproj", "{90E7CFF1-B8E5-4706-AEE0-5B5DCDAFC0F8}"
EndProject
Project("{FAE04EC0-301F-11D3-BF4B-00C04F79EFBC}") = "SeconAPI.Api", "SeconAPI.Api\SeconAPI.Api.csproj", "{4BC5E7CD-EE17-49E1-9BA1-7F37AABB611D}"
EndProject
Global
	GlobalSection(SolutionConfigurationPlatforms) = preSolution
		Debug|Any CPU = Debug|Any CPU
		Release|Any CPU = Release|Any CPU
	EndGlobalSection
	GlobalSection(ProjectConfigurationPlatforms) = postSolution
		{2837C123-BF9E-4F6D-9E59-DD9538404824}.Debug|Any CPU.ActiveCfg = Debug|Any CPU
		{2837C123-BF9E-4F6D-9E59-DD9538404824}.Debug|Any CPU.Build.0 = Debug|Any CPU
		{2837C123-BF9E-4F6D-9E59-DD9538404824}.Release|Any CPU.ActiveCfg = Release|Any CPU
		{2837C123-BF9E-4F6D-9E59-DD9538404824}.Release|Any CPU.Build.0 = Release|Any CPU
		{6C768919-C6D5-4C88-9808-82DCA72B4B19}.Debug|Any CPU.ActiveCfg = Debug|Any CPU
		{6C768919-C6D5-4C88-9808-82DCA72B4B19}.Debug|Any CPU.Build.0 = Debug|Any CPU
		{6C768919-C6D5-4C88-9808-82DCA72B4B19}.Release|Any CPU.ActiveCfg = Release|Any CPU
		{6C768919-C6D5-4C88-9808-82DCA72B4B19}.Release|Any CPU.Build.0 = Release|Any CPU
		{90E7CFF1-B8E5-4706-AEE0-5B5DCDAFC0F8}.Debug|Any CPU.ActiveCfg = Debug|Any CPU
		{90E7CFF1-B8E5-4706-AEE0-5B5DCDAFC0F8}.Debug|Any CPU.Build.0 = Debug|Any CPU
		{90E7CFF1-B8E5-4706-AEE0-5B5DCDAFC0F8}.Release|Any CPU.ActiveCfg = Release|Any CPU
		{90E7CFF1-B8E5-4706-AEE0-5B5DCDAFC0F8}.Release|Any CPU.Build.0 = Release|Any CPU
		{4BC5E7CD-EE17-49E1-9BA1-7F37AABB611D}.Debug|Any CPU.ActiveCfg = Debug|Any CPU
		{4BC5E7CD-EE17-49E1-9BA1-7F37AABB611D}.Debug|Any CPU.Build.0 = Debug|Any CPU
		{4BC5E7CD-EE17-49E1-9BA1-7F37AABB611D}.Release|Any CPU.ActiveCfg = Release|Any CPU
		{4BC5E7CD-EE17-49E1-9BA1-7F37AABB611D}.Release|Any CPU.Build.0 = Release|Any CPU
	EndGlobalSection
EndGlobal
